
Microsoft Visual Studio Solution File, Format Version 12.00
# Visual Studio Version 16
VisualStudioVersion = 16.0.29519.181
MinimumVisualStudioVersion = 10.0.40219.1
Project("{9A19103F-16F7-4668-BE54-9A1E7A4F7556}") = "Console.RefAndValueTypes", "Console.RefAndValueTypes\Console.RefAndValueTypes.csproj", "{AEBE458B-5960-4304-A55E-411E59EA9923}"
EndProject
Project("{2150E333-8FDC-42A3-9474-1A3956D46DE8}") = "0-Cursus", "0-Cursus", "{8B667BA0-2FE5-448C-92FB-D54BC564A0A4}"
	ProjectSection(SolutionItems) = preProject
		Cursus\BasisCSharp-Coderen.pptx = Cursus\BasisCSharp-Coderen.pptx
		Cursus\BasisCSharp-OO.pptx = Cursus\BasisCSharp-OO.pptx
		Cursus\BasisCSharp-Types.pptx = Cursus\BasisCSharp-Types.pptx
		Cursus\C# Developer - jaar 1.pptx = Cursus\C# Developer - jaar 1.pptx
		Cursus\CSharp-IO-intro.pptx = Cursus\CSharp-IO-intro.pptx
		Cursus\CSharp-LINQ.pptx = Cursus\CSharp-LINQ.pptx
		Cursus\CSharp-WPF.pptx = Cursus\CSharp-WPF.pptx
		Cursus\Post Corona planning.pdf = Cursus\Post Corona planning.pdf
	EndProjectSection
EndProject
Project("{2150E333-8FDC-42A3-9474-1A3956D46DE8}") = "1-Types", "1-Types", "{893104D2-D2B3-4408-8DE5-692430CE390E}"
EndProject
Project("{9A19103F-16F7-4668-BE54-9A1E7A4F7556}") = "Console.TypesLabo", "Console.TypesPartI\Console.TypesLabo.csproj", "{1F2E5097-3A29-46DA-AC85-A1C41344615F}"
EndProject
Project("{9A19103F-16F7-4668-BE54-9A1E7A4F7556}") = "Weerstation", "Weerstation\Weerstation.csproj", "{D2D71DAF-C240-465D-9515-FAE55F3CB03D}"
EndProject
Project("{9A19103F-16F7-4668-BE54-9A1E7A4F7556}") = "CliExample", "CliExample\CliExample.csproj", "{B2B94C67-3866-45EB-9CB9-B68A052B34DB}"
EndProject
Project("{2150E333-8FDC-42A3-9474-1A3956D46DE8}") = "Demo", "Demo", "{331FA6F9-7152-4C14-8F29-07AD1E7ED54C}"
EndProject
Project("{9A19103F-16F7-4668-BE54-9A1E7A4F7556}") = "ExceptionPerf", "ExceptionPerformance\ExceptionPerf.csproj", "{52E9E93B-2670-4ACB-A0F7-31681CAC803E}"
EndProject
Project("{9A19103F-16F7-4668-BE54-9A1E7A4F7556}") = "Werknemersbestand", "Werknemersbestand\Werknemersbestand.csproj", "{EA00C35D-5F85-4BD3-A89A-89CAC5A6A999}"
EndProject
Project("{2150E333-8FDC-42A3-9474-1A3956D46DE8}") = "Delegates", "Delegates", "{349CA9FD-AD8D-461B-85E2-B1427265F832}"
EndProject
Project("{9A19103F-16F7-4668-BE54-9A1E7A4F7556}") = "CLI.Base", "CLI.Base\CLI.Base.csproj", "{A7098174-D34D-44F7-B6DC-3ABFFA5A5067}"
EndProject
Project("{9A19103F-16F7-4668-BE54-9A1E7A4F7556}") = "Werknemers2", "Werknemers2\Werknemers2.csproj", "{5F84E5A5-EAF5-4851-B353-C495C0F6BB4C}"
EndProject
Project("{2150E333-8FDC-42A3-9474-1A3956D46DE8}") = "PDF", "PDF", "{EE316168-8BB0-44B2-9586-C8CE50186F48}"
	ProjectSection(SolutionItems) = preProject
		Cursus\PDF\BasisCSharp-Coderen.pdf = Cursus\PDF\BasisCSharp-Coderen.pdf
		Cursus\PDF\BasisCSharp-OO.pdf = Cursus\PDF\BasisCSharp-OO.pdf
		Cursus\PDF\BasisCSharp-Types.pdf = Cursus\PDF\BasisCSharp-Types.pdf
	EndProjectSection
EndProject
Project("{2150E333-8FDC-42A3-9474-1A3956D46DE8}") = "2-OO", "2-OO", "{2F343B09-AC05-404D-9F3D-A61D6BC2BD67}"
EndProject
Project("{9A19103F-16F7-4668-BE54-9A1E7A4F7556}") = "Overerving", "Overerving\Overerving.csproj", "{0F095C61-A72C-4A30-930B-557518D543B3}"
EndProject
Project("{2150E333-8FDC-42A3-9474-1A3956D46DE8}") = "Lib", "Lib", "{4775145F-4CAA-4A14-866A-5910BC599073}"
EndProject
Project("{9A19103F-16F7-4668-BE54-9A1E7A4F7556}") = "Tools", "Tools\Tools.csproj", "{A0671220-413E-46EC-929A-3D3A869109EE}"
EndProject
Project("{9A19103F-16F7-4668-BE54-9A1E7A4F7556}") = "ToolTestConsole", "ToolTestConsole\ToolTestConsole.csproj", "{781EE2B2-E52A-4F0C-92FC-E30FC818DD75}"
EndProject
Project("{2150E333-8FDC-42A3-9474-1A3956D46DE8}") = "3-IO", "3-IO", "{B47B801A-C7AE-4A71-B10F-20E2CC3CA565}"
EndProject
Project("{9A19103F-16F7-4668-BE54-9A1E7A4F7556}") = "SerializeAndIODemo", "SerializeAndIODemo\SerializeAndIODemo.csproj", "{676DFDFB-1564-48AF-A16E-2EB987008926}"
EndProject
Project("{2150E333-8FDC-42A3-9474-1A3956D46DE8}") = "4-WPF", "4-WPF", "{D32DD21F-829F-43EC-B8A7-0DEF410BA90A}"
EndProject
Project("{9A19103F-16F7-4668-BE54-9A1E7A4F7556}") = "HelloWorld", "HelloWorld\HelloWorld.csproj", "{91F424FA-6F4C-4603-B267-BF579376BB55}"
EndProject
Project("{9A19103F-16F7-4668-BE54-9A1E7A4F7556}") = "WpfLayoutDemo", "WpfLayoutDemo\WpfLayoutDemo.csproj", "{2FB33724-2DE9-44E8-A4E1-6B6AF84D8E2B}"
EndProject
Project("{9A19103F-16F7-4668-BE54-9A1E7A4F7556}") = "WpfDataBindingDemo", "WpfDataBindingDemo\WpfDataBindingDemo.csproj", "{4688EB89-C4E9-4FB6-8711-FE1415E4A61B}"
EndProject
Project("{2150E333-8FDC-42A3-9474-1A3956D46DE8}") = "5-LINQ", "5-LINQ", "{FBA08702-07D4-4370-9D2F-27B7EDA56498}"
EndProject
Project("{9A19103F-16F7-4668-BE54-9A1E7A4F7556}") = "Country.Data", "Country.Data\Country.Data.csproj", "{A27B50FC-B728-4530-9DA4-1A38E8BF44FC}"
EndProject
Project("{9A19103F-16F7-4668-BE54-9A1E7A4F7556}") = "LinqLambdaDemo", "LinqLambdaDemo\LinqLambdaDemo.csproj", "{3B220F52-5285-4FE3-8EDF-21051730623D}"
EndProject
Project("{2150E333-8FDC-42A3-9474-1A3956D46DE8}") = "BudgetBeheer", "BudgetBeheer", "{08CC9426-70DD-4C04-AC72-B9866260FCA8}"
EndProject
Project("{9A19103F-16F7-4668-BE54-9A1E7A4F7556}") = "Project.Data", "BudgetData\Project.Data.csproj", "{D2D54685-1A1C-4097-B4D8-30EC0BDE04CB}"
EndProject
Project("{9A19103F-16F7-4668-BE54-9A1E7A4F7556}") = "WpfBudgetBeheer", "WpfBudgetBeheer\WpfBudgetBeheer.csproj", "{9181B877-BD32-44E1-AD22-DDD2F2F177FA}"
EndProject
Project("{FAE04EC0-301F-11D3-BF4B-00C04F79EFBC}") = "KlantenAppWPF", "KlantenAppLabo\KlantenAppWPF.csproj", "{6C67A9CB-EE9F-44F0-8C63-636D8AD9C131}"
EndProject
Project("{2150E333-8FDC-42A3-9474-1A3956D46DE8}") = "KlantenApp", "KlantenApp", "{11E7E446-7F6E-41BE-91E1-3C6D130792F1}"
EndProject
Project("{FAE04EC0-301F-11D3-BF4B-00C04F79EFBC}") = "Klanten.data", "Klanten.data\Klanten.data.csproj", "{EBC3C53A-9611-4715-A817-359F25A65328}"
EndProject
Global
	GlobalSection(SolutionConfigurationPlatforms) = preSolution
		Debug|Any CPU = Debug|Any CPU
		Release|Any CPU = Release|Any CPU
	EndGlobalSection
	GlobalSection(ProjectConfigurationPlatforms) = postSolution
		{AEBE458B-5960-4304-A55E-411E59EA9923}.Debug|Any CPU.ActiveCfg = Debug|Any CPU
		{AEBE458B-5960-4304-A55E-411E59EA9923}.Debug|Any CPU.Build.0 = Debug|Any CPU
		{AEBE458B-5960-4304-A55E-411E59EA9923}.Release|Any CPU.ActiveCfg = Release|Any CPU
		{AEBE458B-5960-4304-A55E-411E59EA9923}.Release|Any CPU.Build.0 = Release|Any CPU
		{1F2E5097-3A29-46DA-AC85-A1C41344615F}.Debug|Any CPU.ActiveCfg = Debug|Any CPU
		{1F2E5097-3A29-46DA-AC85-A1C41344615F}.Debug|Any CPU.Build.0 = Debug|Any CPU
		{1F2E5097-3A29-46DA-AC85-A1C41344615F}.Release|Any CPU.ActiveCfg = Release|Any CPU
		{1F2E5097-3A29-46DA-AC85-A1C41344615F}.Release|Any CPU.Build.0 = Release|Any CPU
		{D2D71DAF-C240-465D-9515-FAE55F3CB03D}.Debug|Any CPU.ActiveCfg = Debug|Any CPU
		{D2D71DAF-C240-465D-9515-FAE55F3CB03D}.Debug|Any CPU.Build.0 = Debug|Any CPU
		{D2D71DAF-C240-465D-9515-FAE55F3CB03D}.Release|Any CPU.ActiveCfg = Release|Any CPU
		{D2D71DAF-C240-465D-9515-FAE55F3CB03D}.Release|Any CPU.Build.0 = Release|Any CPU
		{B2B94C67-3866-45EB-9CB9-B68A052B34DB}.Debug|Any CPU.ActiveCfg = Debug|Any CPU
		{B2B94C67-3866-45EB-9CB9-B68A052B34DB}.Debug|Any CPU.Build.0 = Debug|Any CPU
		{B2B94C67-3866-45EB-9CB9-B68A052B34DB}.Release|Any CPU.ActiveCfg = Release|Any CPU
		{B2B94C67-3866-45EB-9CB9-B68A052B34DB}.Release|Any CPU.Build.0 = Release|Any CPU
		{52E9E93B-2670-4ACB-A0F7-31681CAC803E}.Debug|Any CPU.ActiveCfg = Debug|Any CPU
		{52E9E93B-2670-4ACB-A0F7-31681CAC803E}.Debug|Any CPU.Build.0 = Debug|Any CPU
		{52E9E93B-2670-4ACB-A0F7-31681CAC803E}.Release|Any CPU.ActiveCfg = Release|Any CPU
		{52E9E93B-2670-4ACB-A0F7-31681CAC803E}.Release|Any CPU.Build.0 = Release|Any CPU
		{EA00C35D-5F85-4BD3-A89A-89CAC5A6A999}.Debug|Any CPU.ActiveCfg = Debug|Any CPU
		{EA00C35D-5F85-4BD3-A89A-89CAC5A6A999}.Debug|Any CPU.Build.0 = Debug|Any CPU
		{EA00C35D-5F85-4BD3-A89A-89CAC5A6A999}.Release|Any CPU.ActiveCfg = Release|Any CPU
		{EA00C35D-5F85-4BD3-A89A-89CAC5A6A999}.Release|Any CPU.Build.0 = Release|Any CPU
		{A7098174-D34D-44F7-B6DC-3ABFFA5A5067}.Debug|Any CPU.ActiveCfg = Debug|Any CPU
		{A7098174-D34D-44F7-B6DC-3ABFFA5A5067}.Debug|Any CPU.Build.0 = Debug|Any CPU
		{A7098174-D34D-44F7-B6DC-3ABFFA5A5067}.Release|Any CPU.ActiveCfg = Release|Any CPU
		{A7098174-D34D-44F7-B6DC-3ABFFA5A5067}.Release|Any CPU.Build.0 = Release|Any CPU
		{5F84E5A5-EAF5-4851-B353-C495C0F6BB4C}.Debug|Any CPU.ActiveCfg = Debug|Any CPU
		{5F84E5A5-EAF5-4851-B353-C495C0F6BB4C}.Debug|Any CPU.Build.0 = Debug|Any CPU
		{5F84E5A5-EAF5-4851-B353-C495C0F6BB4C}.Release|Any CPU.ActiveCfg = Release|Any CPU
		{5F84E5A5-EAF5-4851-B353-C495C0F6BB4C}.Release|Any CPU.Build.0 = Release|Any CPU
		{0F095C61-A72C-4A30-930B-557518D543B3}.Debug|Any CPU.ActiveCfg = Debug|Any CPU
		{0F095C61-A72C-4A30-930B-557518D543B3}.Debug|Any CPU.Build.0 = Debug|Any CPU
		{0F095C61-A72C-4A30-930B-557518D543B3}.Release|Any CPU.ActiveCfg = Release|Any CPU
		{0F095C61-A72C-4A30-930B-557518D543B3}.Release|Any CPU.Build.0 = Release|Any CPU
		{A0671220-413E-46EC-929A-3D3A869109EE}.Debug|Any CPU.ActiveCfg = Debug|Any CPU
		{A0671220-413E-46EC-929A-3D3A869109EE}.Debug|Any CPU.Build.0 = Debug|Any CPU
		{A0671220-413E-46EC-929A-3D3A869109EE}.Release|Any CPU.ActiveCfg = Release|Any CPU
		{A0671220-413E-46EC-929A-3D3A869109EE}.Release|Any CPU.Build.0 = Release|Any CPU
		{781EE2B2-E52A-4F0C-92FC-E30FC818DD75}.Debug|Any CPU.ActiveCfg = Debug|Any CPU
		{781EE2B2-E52A-4F0C-92FC-E30FC818DD75}.Debug|Any CPU.Build.0 = Debug|Any CPU
		{781EE2B2-E52A-4F0C-92FC-E30FC818DD75}.Release|Any CPU.ActiveCfg = Release|Any CPU
		{781EE2B2-E52A-4F0C-92FC-E30FC818DD75}.Release|Any CPU.Build.0 = Release|Any CPU
		{676DFDFB-1564-48AF-A16E-2EB987008926}.Debug|Any CPU.ActiveCfg = Debug|Any CPU
		{676DFDFB-1564-48AF-A16E-2EB987008926}.Debug|Any CPU.Build.0 = Debug|Any CPU
		{676DFDFB-1564-48AF-A16E-2EB987008926}.Release|Any CPU.ActiveCfg = Release|Any CPU
		{676DFDFB-1564-48AF-A16E-2EB987008926}.Release|Any CPU.Build.0 = Release|Any CPU
		{91F424FA-6F4C-4603-B267-BF579376BB55}.Debug|Any CPU.ActiveCfg = Debug|Any CPU
		{91F424FA-6F4C-4603-B267-BF579376BB55}.Debug|Any CPU.Build.0 = Debug|Any CPU
		{91F424FA-6F4C-4603-B267-BF579376BB55}.Release|Any CPU.ActiveCfg = Release|Any CPU
		{91F424FA-6F4C-4603-B267-BF579376BB55}.Release|Any CPU.Build.0 = Release|Any CPU
		{2FB33724-2DE9-44E8-A4E1-6B6AF84D8E2B}.Debug|Any CPU.ActiveCfg = Debug|Any CPU
		{2FB33724-2DE9-44E8-A4E1-6B6AF84D8E2B}.Debug|Any CPU.Build.0 = Debug|Any CPU
		{2FB33724-2DE9-44E8-A4E1-6B6AF84D8E2B}.Release|Any CPU.ActiveCfg = Release|Any CPU
		{2FB33724-2DE9-44E8-A4E1-6B6AF84D8E2B}.Release|Any CPU.Build.0 = Release|Any CPU
		{4688EB89-C4E9-4FB6-8711-FE1415E4A61B}.Debug|Any CPU.ActiveCfg = Debug|Any CPU
		{4688EB89-C4E9-4FB6-8711-FE1415E4A61B}.Debug|Any CPU.Build.0 = Debug|Any CPU
		{4688EB89-C4E9-4FB6-8711-FE1415E4A61B}.Release|Any CPU.ActiveCfg = Release|Any CPU
		{4688EB89-C4E9-4FB6-8711-FE1415E4A61B}.Release|Any CPU.Build.0 = Release|Any CPU
		{A27B50FC-B728-4530-9DA4-1A38E8BF44FC}.Debug|Any CPU.ActiveCfg = Debug|Any CPU
		{A27B50FC-B728-4530-9DA4-1A38E8BF44FC}.Debug|Any CPU.Build.0 = Debug|Any CPU
		{A27B50FC-B728-4530-9DA4-1A38E8BF44FC}.Release|Any CPU.ActiveCfg = Release|Any CPU
		{A27B50FC-B728-4530-9DA4-1A38E8BF44FC}.Release|Any CPU.Build.0 = Release|Any CPU
		{3B220F52-5285-4FE3-8EDF-21051730623D}.Debug|Any CPU.ActiveCfg = Debug|Any CPU
		{3B220F52-5285-4FE3-8EDF-21051730623D}.Debug|Any CPU.Build.0 = Debug|Any CPU
		{3B220F52-5285-4FE3-8EDF-21051730623D}.Release|Any CPU.ActiveCfg = Release|Any CPU
		{3B220F52-5285-4FE3-8EDF-21051730623D}.Release|Any CPU.Build.0 = Release|Any CPU
		{D2D54685-1A1C-4097-B4D8-30EC0BDE04CB}.Debug|Any CPU.ActiveCfg = Debug|Any CPU
		{D2D54685-1A1C-4097-B4D8-30EC0BDE04CB}.Debug|Any CPU.Build.0 = Debug|Any CPU
		{D2D54685-1A1C-4097-B4D8-30EC0BDE04CB}.Release|Any CPU.ActiveCfg = Release|Any CPU
		{D2D54685-1A1C-4097-B4D8-30EC0BDE04CB}.Release|Any CPU.Build.0 = Release|Any CPU
		{9181B877-BD32-44E1-AD22-DDD2F2F177FA}.Debug|Any CPU.ActiveCfg = Debug|Any CPU
		{9181B877-BD32-44E1-AD22-DDD2F2F177FA}.Debug|Any CPU.Build.0 = Debug|Any CPU
		{9181B877-BD32-44E1-AD22-DDD2F2F177FA}.Release|Any CPU.ActiveCfg = Release|Any CPU
		{9181B877-BD32-44E1-AD22-DDD2F2F177FA}.Release|Any CPU.Build.0 = Release|Any CPU
		{6C67A9CB-EE9F-44F0-8C63-636D8AD9C131}.Debug|Any CPU.ActiveCfg = Debug|Any CPU
		{6C67A9CB-EE9F-44F0-8C63-636D8AD9C131}.Debug|Any CPU.Build.0 = Debug|Any CPU
		{6C67A9CB-EE9F-44F0-8C63-636D8AD9C131}.Release|Any CPU.ActiveCfg = Release|Any CPU
		{6C67A9CB-EE9F-44F0-8C63-636D8AD9C131}.Release|Any CPU.Build.0 = Release|Any CPU
		{EBC3C53A-9611-4715-A817-359F25A65328}.Debug|Any CPU.ActiveCfg = Debug|Any CPU
		{EBC3C53A-9611-4715-A817-359F25A65328}.Debug|Any CPU.Build.0 = Debug|Any CPU
		{EBC3C53A-9611-4715-A817-359F25A65328}.Release|Any CPU.ActiveCfg = Release|Any CPU
		{EBC3C53A-9611-4715-A817-359F25A65328}.Release|Any CPU.Build.0 = Release|Any CPU
	EndGlobalSection
	GlobalSection(SolutionProperties) = preSolution
		HideSolutionNode = FALSE
	EndGlobalSection
	GlobalSection(NestedProjects) = preSolution
		{AEBE458B-5960-4304-A55E-411E59EA9923} = {893104D2-D2B3-4408-8DE5-692430CE390E}
		{1F2E5097-3A29-46DA-AC85-A1C41344615F} = {893104D2-D2B3-4408-8DE5-692430CE390E}
		{D2D71DAF-C240-465D-9515-FAE55F3CB03D} = {893104D2-D2B3-4408-8DE5-692430CE390E}
		{B2B94C67-3866-45EB-9CB9-B68A052B34DB} = {893104D2-D2B3-4408-8DE5-692430CE390E}
		{52E9E93B-2670-4ACB-A0F7-31681CAC803E} = {331FA6F9-7152-4C14-8F29-07AD1E7ED54C}
		{EA00C35D-5F85-4BD3-A89A-89CAC5A6A999} = {893104D2-D2B3-4408-8DE5-692430CE390E}
		{349CA9FD-AD8D-461B-85E2-B1427265F832} = {893104D2-D2B3-4408-8DE5-692430CE390E}
		{A7098174-D34D-44F7-B6DC-3ABFFA5A5067} = {349CA9FD-AD8D-461B-85E2-B1427265F832}
		{5F84E5A5-EAF5-4851-B353-C495C0F6BB4C} = {349CA9FD-AD8D-461B-85E2-B1427265F832}
		{EE316168-8BB0-44B2-9586-C8CE50186F48} = {8B667BA0-2FE5-448C-92FB-D54BC564A0A4}
		{0F095C61-A72C-4A30-930B-557518D543B3} = {2F343B09-AC05-404D-9F3D-A61D6BC2BD67}
		{A0671220-413E-46EC-929A-3D3A869109EE} = {4775145F-4CAA-4A14-866A-5910BC599073}
		{781EE2B2-E52A-4F0C-92FC-E30FC818DD75} = {4775145F-4CAA-4A14-866A-5910BC599073}
		{676DFDFB-1564-48AF-A16E-2EB987008926} = {B47B801A-C7AE-4A71-B10F-20E2CC3CA565}
		{91F424FA-6F4C-4603-B267-BF579376BB55} = {D32DD21F-829F-43EC-B8A7-0DEF410BA90A}
		{2FB33724-2DE9-44E8-A4E1-6B6AF84D8E2B} = {D32DD21F-829F-43EC-B8A7-0DEF410BA90A}
		{4688EB89-C4E9-4FB6-8711-FE1415E4A61B} = {D32DD21F-829F-43EC-B8A7-0DEF410BA90A}
		{A27B50FC-B728-4530-9DA4-1A38E8BF44FC} = {D32DD21F-829F-43EC-B8A7-0DEF410BA90A}
		{3B220F52-5285-4FE3-8EDF-21051730623D} = {FBA08702-07D4-4370-9D2F-27B7EDA56498}
		{D2D54685-1A1C-4097-B4D8-30EC0BDE04CB} = {08CC9426-70DD-4C04-AC72-B9866260FCA8}
		{9181B877-BD32-44E1-AD22-DDD2F2F177FA} = {08CC9426-70DD-4C04-AC72-B9866260FCA8}
		{6C67A9CB-EE9F-44F0-8C63-636D8AD9C131} = {11E7E446-7F6E-41BE-91E1-3C6D130792F1}
		{EBC3C53A-9611-4715-A817-359F25A65328} = {11E7E446-7F6E-41BE-91E1-3C6D130792F1}
	EndGlobalSection
	GlobalSection(ExtensibilityGlobals) = postSolution
		SolutionGuid = {409F7BD4-C898-4646-9841-91A0E39C8334}
	EndGlobalSection
EndGlobal
